
Microsoft Visual Studio Solution File, Format Version 12.00
# Visual Studio 15
Project("{FAE04EC0-301F-11D3-BF4B-00C04F79EFBC}") = "LandRushUnity", "LandRushUnity.csproj", "{9A6DC287-FD0E-C759-B158-C4EF4CE4681F}"
EndProject
Project("{FAE04EC0-301F-11D3-BF4B-00C04F79EFBC}") = "LandRushUnity.Plugins", "LandRushUnity.Plugins.csproj", "{01B2DE93-42F8-A84A-FC0F-D86D96E1DB22}"
EndProject
Project("{FAE04EC0-301F-11D3-BF4B-00C04F79EFBC}") = "LandRushUnity.Editor.Plugins", "LandRushUnity.Editor.Plugins.csproj", "{683A0725-FC1A-019C-8C5D-D2FCC07506A3}"
EndProject
Project("{FAE04EC0-301F-11D3-BF4B-00C04F79EFBC}") = "LandRushUnity.Editor", "LandRushUnity.Editor.csproj", "{EA63B113-7CA6-A036-1FC8-00CC0EBA8566}"
EndProject
Global
	GlobalSection(SolutionConfigurationPlatforms) = preSolution
		Debug|Any CPU = Debug|Any CPU
		Release|Any CPU = Release|Any CPU
	EndGlobalSection
	GlobalSection(ProjectConfigurationPlatforms) = postSolution
		{9A6DC287-FD0E-C759-B158-C4EF4CE4681F}.Debug|Any CPU.ActiveCfg = Debug|Any CPU
		{9A6DC287-FD0E-C759-B158-C4EF4CE4681F}.Debug|Any CPU.Build.0 = Debug|Any CPU
		{9A6DC287-FD0E-C759-B158-C4EF4CE4681F}.Release|Any CPU.ActiveCfg = Release|Any CPU
		{9A6DC287-FD0E-C759-B158-C4EF4CE4681F}.Release|Any CPU.Build.0 = Release|Any CPU
		{01B2DE93-42F8-A84A-FC0F-D86D96E1DB22}.Debug|Any CPU.ActiveCfg = Debug|Any CPU
		{01B2DE93-42F8-A84A-FC0F-D86D96E1DB22}.Debug|Any CPU.Build.0 = Debug|Any CPU
		{01B2DE93-42F8-A84A-FC0F-D86D96E1DB22}.Release|Any CPU.ActiveCfg = Release|Any CPU
		{01B2DE93-42F8-A84A-FC0F-D86D96E1DB22}.Release|Any CPU.Build.0 = Release|Any CPU
		{683A0725-FC1A-019C-8C5D-D2FCC07506A3}.Debug|Any CPU.ActiveCfg = Debug|Any CPU
		{683A0725-FC1A-019C-8C5D-D2FCC07506A3}.Debug|Any CPU.Build.0 = Debug|Any CPU
		{683A0725-FC1A-019C-8C5D-D2FCC07506A3}.Release|Any CPU.ActiveCfg = Release|Any CPU
		{683A0725-FC1A-019C-8C5D-D2FCC07506A3}.Release|Any CPU.Build.0 = Release|Any CPU
		{EA63B113-7CA6-A036-1FC8-00CC0EBA8566}.Debug|Any CPU.ActiveCfg = Debug|Any CPU
		{EA63B113-7CA6-A036-1FC8-00CC0EBA8566}.Debug|Any CPU.Build.0 = Debug|Any CPU
		{EA63B113-7CA6-A036-1FC8-00CC0EBA8566}.Release|Any CPU.ActiveCfg = Release|Any CPU
		{EA63B113-7CA6-A036-1FC8-00CC0EBA8566}.Release|Any CPU.Build.0 = Release|Any CPU
	EndGlobalSection
	GlobalSection(SolutionProperties) = preSolution
		HideSolutionNode = FALSE
	EndGlobalSection
EndGlobal
